{
  "name": "secret-to-happiness",
  "version": "1.0.0",
  "lockfileVersion": 2,
  "requires": true,
  "packages": {
    "": {
      "name": "secret-to-happiness",
      "version": "1.0.0",
      "license": "ISC",
      "dependencies": {
        "asyn": "^0.0.1",
        "async": "^3.2.4",
        "chalk": "^5.0.1",
        "jquery": "^3.6.0",
        "loaddash": "^0.0.1-security"
      }
    },
    "node_modules/asyn": {
      "version": "0.0.1",
      "resolved": "https://registry.npmjs.org/asyn/-/asyn-0.0.1.tgz",
      "integrity": "sha512-D9vCx90w1klFn8oqHlfGTs0QMMpYEwuHwzCxk4yzkX+dx5mufifJCiHDEkTzWNU6eXCGESjdzeP0t6N8/Z5tsg==",
      "engines": {
        "node": "*"
      }
    },
    "node_modules/async": {
      "version": "3.2.4",
      "resolved": "https://registry.npmjs.org/async/-/async-3.2.4.tgz",
      "integrity": "sha512-iAB+JbDEGXhyIUavoDl9WP/Jj106Kz9DEn1DPgYw5ruDn0e3Wgi3sKFm55sASdGBNOQB8F59d9qQ7deqrHA8wQ=="
    },
    "node_modules/chalk": {
      "version": "5.0.1",
      "resolved": "https://registry.npmjs.org/chalk/-/chalk-5.0.1.tgz",
      "integrity": "sha512-Fo07WOYGqMfCWHOzSXOt2CxDbC6skS/jO9ynEcmpANMoPrD+W1r1K6Vx7iNm+AQmETU1Xr2t+n8nzkV9t6xh3w==",
      "engines": {
        "node": "^12.17.0 || ^14.13 || >=16.0.0"
      },
      "funding": {
        "url": "https://github.com/chalk/chalk?sponsor=1"
      }
    },
    "node_modules/jquery": {
      "version": "3.6.0",
      "resolved": "https://registry.npmjs.org/jquery/-/jquery-3.6.0.tgz",
      "integrity": "sha512-JVzAR/AjBvVt2BmYhxRCSYysDsPcssdmTFnzyLEts9qNwmjmu4JTAMYubEfwVOSwpQ1I1sKKFcxhZCI2buerfw=="
    },
    "node_modules/loaddash": {
      "version": "0.0.1-security",
      "resolved": "https://registry.npmjs.org/loaddash/-/loaddash-0.0.1-security.tgz",
      "integrity": "sha512-ovgHAIq4QU07zf2cVcEKVdl00ybh2QozXVNT7dEYQcM1RurK/2zliALkkX29b9qwSp+67AT2DSAP5jFme0c6Yw=="
    }
  },
  "dependencies": {
    "asyn": {
      "version": "0.0.1",
      "resolved": "https://registry.npmjs.org/asyn/-/asyn-0.0.1.tgz",
      "integrity": "sha512-D9vCx90w1klFn8oqHlfGTs0QMMpYEwuHwzCxk4yzkX+dx5mufifJCiHDEkTzWNU6eXCGESjdzeP0t6N8/Z5tsg=="
    },
    "async": {
      "version": "3.2.4",
      "resolved": "https://registry.npmjs.org/async/-/async-3.2.4.tgz",
      "integrity": "sha512-iAB+JbDEGXhyIUavoDl9WP/Jj106Kz9DEn1DPgYw5ruDn0e3Wgi3sKFm55sASdGBNOQB8F59d9qQ7deqrHA8wQ=="
    },
    "chalk": {
      "version": "5.0.1",
      "resolved": "https://registry.npmjs.org/chalk/-/chalk-5.0.1.tgz",
      "integrity": "sha512-Fo07WOYGqMfCWHOzSXOt2CxDbC6skS/jO9ynEcmpANMoPrD+W1r1K6Vx7iNm+AQmETU1Xr2t+n8nzkV9t6xh3w=="
    },
    "jquery": {
      "version": "3.6.0",
      "resolved": "https://registry.npmjs.org/jquery/-/jquery-3.6.0.tgz",
      "integrity": "sha512-JVzAR/AjBvVt2BmYhxRCSYysDsPcssdmTFnzyLEts9qNwmjmu4JTAMYubEfwVOSwpQ1I1sKKFcxhZCI2buerfw=="
    },
    "loaddash": {
      "version": "0.0.1-security",
      "resolved": "https://registry.npmjs.org/loaddash/-/loaddash-0.0.1-security.tgz",
      "integrity": "sha512-ovgHAIq4QU07zf2cVcEKVdl00ybh2QozXVNT7dEYQcM1RurK/2zliALkkX29b9qwSp+67AT2DSAP5jFme0c6Yw=="
    }
  }
}
